
Microsoft Visual Studio Solution File, Format Version 12.00
# Visual Studio Version 16
VisualStudioVersion = 16.0.31829.152
MinimumVisualStudioVersion = 10.0.40219.1
Project("{9A19103F-16F7-4668-BE54-9A1E7A4F7556}") = "Zadanie massiv 1", "Zadanie massiv\Zadanie massiv 1.csproj", "{520E0594-3FA2-4788-8AAF-88343B1F4E48}"
EndProject
Project("{FAE04EC0-301F-11D3-BF4B-00C04F79EFBC}") = "Zadanie massiv 2", "Zadanie massiv 2\Zadanie massiv 2.csproj", "{86BF40E6-66C9-425D-9836-0186CDBDEFE2}"
EndProject
Global
	GlobalSection(SolutionConfigurationPlatforms) = preSolution
		Debug|Any CPU = Debug|Any CPU
		Release|Any CPU = Release|Any CPU
	EndGlobalSection
	GlobalSection(ProjectConfigurationPlatforms) = postSolution
		{520E0594-3FA2-4788-8AAF-88343B1F4E48}.Debug|Any CPU.ActiveCfg = Debug|Any CPU
		{520E0594-3FA2-4788-8AAF-88343B1F4E48}.Debug|Any CPU.Build.0 = Debug|Any CPU
		{520E0594-3FA2-4788-8AAF-88343B1F4E48}.Release|Any CPU.ActiveCfg = Release|Any CPU
		{520E0594-3FA2-4788-8AAF-88343B1F4E48}.Release|Any CPU.Build.0 = Release|Any CPU
		{86BF40E6-66C9-425D-9836-0186CDBDEFE2}.Debug|Any CPU.ActiveCfg = Debug|Any CPU
		{86BF40E6-66C9-425D-9836-0186CDBDEFE2}.Debug|Any CPU.Build.0 = Debug|Any CPU
		{86BF40E6-66C9-425D-9836-0186CDBDEFE2}.Release|Any CPU.ActiveCfg = Release|Any CPU
		{86BF40E6-66C9-425D-9836-0186CDBDEFE2}.Release|Any CPU.Build.0 = Release|Any CPU
	EndGlobalSection
	GlobalSection(SolutionProperties) = preSolution
		HideSolutionNode = FALSE
	EndGlobalSection
	GlobalSection(ExtensibilityGlobals) = postSolution
		SolutionGuid = {26C5B463-1CBB-498E-832D-B44B96C0FF88}
	EndGlobalSection
EndGlobal
